{
  "name": "@miqro/test-http",
  "version": "1.5.15",
  "lockfileVersion": 2,
  "requires": true,
  "packages": {
    "": {
      "name": "@miqro/test-http",
      "version": "1.5.15",
      "license": "ISC",
      "dependencies": {
        "@miqro/request": "^0.0.7"
      },
      "devDependencies": {
        "@miqro/test": "../test",
        "@types/node": "17.0.23",
        "typescript": "4.6.3"
      },
      "engines": {
        "node": ">=16.0.0",
        "npm": ">=6.0.0"
      }
    },
    "../test": {
      "version": "0.1.1",
      "dev": true,
      "license": "ISC",
      "bin": {
        "miqro-test": "dist/cli.js",
        "test": "dist/cli.js"
      },
      "devDependencies": {
        "@types/node": "17.0.23",
        "typescript": "4.6.3"
      }
    },
    "node_modules/@miqro/request": {
      "version": "0.0.7",
      "resolved": "https://registry.npmjs.org/@miqro/request/-/request-0.0.7.tgz",
      "integrity": "sha512-63jK7DWWRPCEI+2qPYOZyr53CYK2Vf161DaC/6TqZmtIdQ46kSN4Gk6ae2bzpWT/T69WF9+7SnJpHlARsOMDWQ=="
    },
    "node_modules/@miqro/test": {
      "resolved": "../test",
      "link": true
    },
    "node_modules/@types/node": {
      "version": "17.0.23",
      "resolved": "https://registry.npmjs.org/@types/node/-/node-17.0.23.tgz",
      "integrity": "sha512-UxDxWn7dl97rKVeVS61vErvw086aCYhDLyvRQZ5Rk65rZKepaFdm53GeqXaKBuOhED4e9uWq34IC3TdSdJJ2Gw==",
      "dev": true
    },
    "node_modules/typescript": {
      "version": "4.6.3",
      "resolved": "https://registry.npmjs.org/typescript/-/typescript-4.6.3.tgz",
      "integrity": "sha512-yNIatDa5iaofVozS/uQJEl3JRWLKKGJKh6Yaiv0GLGSuhpFJe7P3SbHZ8/yjAHRQwKRoA6YZqlfjXWmVzoVSMw==",
      "dev": true,
      "bin": {
        "tsc": "bin/tsc",
        "tsserver": "bin/tsserver"
      },
      "engines": {
        "node": ">=4.2.0"
      }
    }
  },
  "dependencies": {
    "@miqro/request": {
      "version": "0.0.7",
      "resolved": "https://registry.npmjs.org/@miqro/request/-/request-0.0.7.tgz",
      "integrity": "sha512-63jK7DWWRPCEI+2qPYOZyr53CYK2Vf161DaC/6TqZmtIdQ46kSN4Gk6ae2bzpWT/T69WF9+7SnJpHlARsOMDWQ=="
    },
    "@miqro/test": {
      "version": "file:../test",
      "requires": {
        "@types/node": "17.0.23",
        "typescript": "4.6.3"
      }
    },
    "@types/node": {
      "version": "17.0.23",
      "resolved": "https://registry.npmjs.org/@types/node/-/node-17.0.23.tgz",
      "integrity": "sha512-UxDxWn7dl97rKVeVS61vErvw086aCYhDLyvRQZ5Rk65rZKepaFdm53GeqXaKBuOhED4e9uWq34IC3TdSdJJ2Gw==",
      "dev": true
    },
    "typescript": {
      "version": "4.6.3",
      "resolved": "https://registry.npmjs.org/typescript/-/typescript-4.6.3.tgz",
      "integrity": "sha512-yNIatDa5iaofVozS/uQJEl3JRWLKKGJKh6Yaiv0GLGSuhpFJe7P3SbHZ8/yjAHRQwKRoA6YZqlfjXWmVzoVSMw==",
      "dev": true
    }
  }
}
