{
  "name": "@miqro/test-http",
  "version": "0.0.5",
  "lockfileVersion": 2,
  "requires": true,
  "packages": {
    "": {
      "name": "@miqro/test-http",
      "version": "0.0.5",
      "license": "ISC",
      "dependencies": {
        "@miqro/request": "^0.1.0"
      },
      "devDependencies": {
        "@miqro/test": "0.2.3",
        "@types/node": "17.0.23",
        "typescript": "4.6.4"
      },
      "engines": {
        "node": ">=16.0.0",
        "npm": ">=6.0.0"
      }
    },
    "node_modules/@miqro/request": {
      "version": "0.1.0",
      "resolved": "https://registry.npmjs.org/@miqro/request/-/request-0.1.0.tgz",
      "integrity": "sha512-neZRk8HdIyBKP9dZwYipJgyc8chbDUalYeVXDoEetONv78L5xe0cNvorLLYpT+1rIxO+Yu7NK+xl6qXYS7Sasw=="
    },
    "node_modules/@miqro/test": {
      "version": "0.2.3",
      "resolved": "https://registry.npmjs.org/@miqro/test/-/test-0.2.3.tgz",
      "integrity": "sha512-rHHOApibMxrtqgSoSlewuujDceHtqF3dofvgKiVTOsa55qn550k4GMvnJRDhaJho/UFVh/4Ly3x+uulRxLReMw==",
      "dev": true,
      "bin": {
        "miqro-test": "dist/cli.js",
        "test": "dist/cli.js"
      }
    },
    "node_modules/@types/node": {
      "version": "17.0.23",
      "resolved": "https://registry.npmjs.org/@types/node/-/node-17.0.23.tgz",
      "integrity": "sha512-UxDxWn7dl97rKVeVS61vErvw086aCYhDLyvRQZ5Rk65rZKepaFdm53GeqXaKBuOhED4e9uWq34IC3TdSdJJ2Gw==",
      "dev": true
    },
    "node_modules/typescript": {
      "version": "4.6.4",
      "resolved": "https://registry.npmjs.org/typescript/-/typescript-4.6.4.tgz",
      "integrity": "sha512-9ia/jWHIEbo49HfjrLGfKbZSuWo9iTMwXO+Ca3pRsSpbsMbc7/IU8NKdCZVRRBafVPGnoJeFL76ZOAA84I9fEg==",
      "dev": true,
      "bin": {
        "tsc": "bin/tsc",
        "tsserver": "bin/tsserver"
      },
      "engines": {
        "node": ">=4.2.0"
      }
    }
  },
  "dependencies": {
    "@miqro/request": {
      "version": "0.1.0",
      "resolved": "https://registry.npmjs.org/@miqro/request/-/request-0.1.0.tgz",
      "integrity": "sha512-neZRk8HdIyBKP9dZwYipJgyc8chbDUalYeVXDoEetONv78L5xe0cNvorLLYpT+1rIxO+Yu7NK+xl6qXYS7Sasw=="
    },
    "@miqro/test": {
      "version": "0.2.3",
      "resolved": "https://registry.npmjs.org/@miqro/test/-/test-0.2.3.tgz",
      "integrity": "sha512-rHHOApibMxrtqgSoSlewuujDceHtqF3dofvgKiVTOsa55qn550k4GMvnJRDhaJho/UFVh/4Ly3x+uulRxLReMw==",
      "dev": true
    },
    "@types/node": {
      "version": "17.0.23",
      "resolved": "https://registry.npmjs.org/@types/node/-/node-17.0.23.tgz",
      "integrity": "sha512-UxDxWn7dl97rKVeVS61vErvw086aCYhDLyvRQZ5Rk65rZKepaFdm53GeqXaKBuOhED4e9uWq34IC3TdSdJJ2Gw==",
      "dev": true
    },
    "typescript": {
      "version": "4.6.4",
      "resolved": "https://registry.npmjs.org/typescript/-/typescript-4.6.4.tgz",
      "integrity": "sha512-9ia/jWHIEbo49HfjrLGfKbZSuWo9iTMwXO+Ca3pRsSpbsMbc7/IU8NKdCZVRRBafVPGnoJeFL76ZOAA84I9fEg==",
      "dev": true
    }
  }
}
