{
  "name": "@miqro/test-http",
  "version": "0.0.2",
  "lockfileVersion": 2,
  "requires": true,
  "packages": {
    "": {
      "name": "@miqro/test-http",
      "version": "0.0.2",
      "license": "ISC",
      "dependencies": {
        "@miqro/request": "^0.0.8"
      },
      "devDependencies": {
        "@miqro/test": "0.2.1",
        "@types/node": "17.0.23",
        "typescript": "4.6.4"
      },
      "engines": {
        "node": ">=16.0.0",
        "npm": ">=6.0.0"
      }
    },
    "../test": {
      "version": "0.2.0",
      "extraneous": true,
      "license": "ISC",
      "bin": {
        "miqro-test": "dist/cli.js",
        "test": "dist/cli.js"
      },
      "devDependencies": {
        "@types/node": "17.0.23",
        "typescript": "4.6.3"
      }
    },
    "node_modules/@miqro/request": {
      "version": "0.0.8",
      "resolved": "https://registry.npmjs.org/@miqro/request/-/request-0.0.8.tgz",
      "integrity": "sha512-VX34Jh3gXPKC9OqX27FVcWFtbt+OuM9fQQn5ZqUHaepAMeQ0ZC8PQ8lvCfk3CSZ5htD35bXTJEVAHyxLU6ZY5g=="
    },
    "node_modules/@miqro/test": {
      "version": "0.2.1",
      "resolved": "https://registry.npmjs.org/@miqro/test/-/test-0.2.1.tgz",
      "integrity": "sha512-JuyvUFjIU937Cp9/2Dl2YcW80V0VDdeu0n0FKx0ulb0MgPJznsr7LuwtGxuIFNDboDL0ZpPPyUUgegbVN8cBDg==",
      "dev": true,
      "bin": {
        "miqro-test": "dist/cli.js",
        "test": "dist/cli.js"
      }
    },
    "node_modules/@types/node": {
      "version": "17.0.23",
      "resolved": "https://registry.npmjs.org/@types/node/-/node-17.0.23.tgz",
      "integrity": "sha512-UxDxWn7dl97rKVeVS61vErvw086aCYhDLyvRQZ5Rk65rZKepaFdm53GeqXaKBuOhED4e9uWq34IC3TdSdJJ2Gw==",
      "dev": true
    },
    "node_modules/typescript": {
      "version": "4.6.4",
      "resolved": "https://registry.npmjs.org/typescript/-/typescript-4.6.4.tgz",
      "integrity": "sha512-9ia/jWHIEbo49HfjrLGfKbZSuWo9iTMwXO+Ca3pRsSpbsMbc7/IU8NKdCZVRRBafVPGnoJeFL76ZOAA84I9fEg==",
      "dev": true,
      "bin": {
        "tsc": "bin/tsc",
        "tsserver": "bin/tsserver"
      },
      "engines": {
        "node": ">=4.2.0"
      }
    }
  },
  "dependencies": {
    "@miqro/request": {
      "version": "0.0.8",
      "resolved": "https://registry.npmjs.org/@miqro/request/-/request-0.0.8.tgz",
      "integrity": "sha512-VX34Jh3gXPKC9OqX27FVcWFtbt+OuM9fQQn5ZqUHaepAMeQ0ZC8PQ8lvCfk3CSZ5htD35bXTJEVAHyxLU6ZY5g=="
    },
    "@miqro/test": {
      "version": "0.2.1",
      "resolved": "https://registry.npmjs.org/@miqro/test/-/test-0.2.1.tgz",
      "integrity": "sha512-JuyvUFjIU937Cp9/2Dl2YcW80V0VDdeu0n0FKx0ulb0MgPJznsr7LuwtGxuIFNDboDL0ZpPPyUUgegbVN8cBDg==",
      "dev": true
    },
    "@types/node": {
      "version": "17.0.23",
      "resolved": "https://registry.npmjs.org/@types/node/-/node-17.0.23.tgz",
      "integrity": "sha512-UxDxWn7dl97rKVeVS61vErvw086aCYhDLyvRQZ5Rk65rZKepaFdm53GeqXaKBuOhED4e9uWq34IC3TdSdJJ2Gw==",
      "dev": true
    },
    "typescript": {
      "version": "4.6.4",
      "resolved": "https://registry.npmjs.org/typescript/-/typescript-4.6.4.tgz",
      "integrity": "sha512-9ia/jWHIEbo49HfjrLGfKbZSuWo9iTMwXO+Ca3pRsSpbsMbc7/IU8NKdCZVRRBafVPGnoJeFL76ZOAA84I9fEg==",
      "dev": true
    }
  }
}
